
Microsoft Visual Studio Solution File, Format Version 12.00
# Visual Studio 2012
Project("{FAE04EC0-301F-11D3-BF4B-00C04F79EFBC}") = "Skybrud.SirTrevor", "Skybrud.SirTrevor\Skybrud.SirTrevor.csproj", "{84783848-FB50-463F-B9DA-ED9BF348216A}"
EndProject
Project("{2150E333-8FDC-42A3-9474-1A3956D46DE8}") = "Foreign Dlls", "Foreign Dlls", "{1E7D6D4C-14F1-4474-AF4A-E09848DE37C5}"
	ProjectSection(SolutionItems) = preProject
		Foreign Dlls\MarkdownSharp.dll = Foreign Dlls\MarkdownSharp.dll
	EndProjectSection
EndProject
Global
	GlobalSection(SolutionConfigurationPlatforms) = preSolution
		Debug|Any CPU = Debug|Any CPU
		Release|Any CPU = Release|Any CPU
	EndGlobalSection
	GlobalSection(ProjectConfigurationPlatforms) = postSolution
		{84783848-FB50-463F-B9DA-ED9BF348216A}.Debug|Any CPU.ActiveCfg = Debug|Any CPU
		{84783848-FB50-463F-B9DA-ED9BF348216A}.Debug|Any CPU.Build.0 = Debug|Any CPU
		{84783848-FB50-463F-B9DA-ED9BF348216A}.Release|Any CPU.ActiveCfg = Release|Any CPU
		{84783848-FB50-463F-B9DA-ED9BF348216A}.Release|Any CPU.Build.0 = Release|Any CPU
	EndGlobalSection
	GlobalSection(SolutionProperties) = preSolution
		HideSolutionNode = FALSE
	EndGlobalSection
EndGlobal
